
Microsoft Visual Studio Solution File, Format Version 12.00
# Visual Studio Version 17
VisualStudioVersion = 17.11.35312.102
MinimumVisualStudioVersion = 10.0.40219.1
Project("{FAE04EC0-301F-11D3-BF4B-00C04F79EFBC}") = "Software Project", "Software Project\Software Project.csproj", "{1B6D7EF6-EDA8-426B-AD8A-47C35A60BC85}"
EndProject
Global
	GlobalSection(SolutionConfigurationPlatforms) = preSolution
		Debug|Any CPU = Debug|Any CPU
		Release|Any CPU = Release|Any CPU
	EndGlobalSection
	GlobalSection(ProjectConfigurationPlatforms) = postSolution
		{1B6D7EF6-EDA8-426B-AD8A-47C35A60BC85}.Debug|Any CPU.ActiveCfg = Debug|Any CPU
		{1B6D7EF6-EDA8-426B-AD8A-47C35A60BC85}.Debug|Any CPU.Build.0 = Debug|Any CPU
		{1B6D7EF6-EDA8-426B-AD8A-47C35A60BC85}.Release|Any CPU.ActiveCfg = Release|Any CPU
		{1B6D7EF6-EDA8-426B-AD8A-47C35A60BC85}.Release|Any CPU.Build.0 = Release|Any CPU
	EndGlobalSection
	GlobalSection(SolutionProperties) = preSolution
		HideSolutionNode = FALSE
	EndGlobalSection
	GlobalSection(ExtensibilityGlobals) = postSolution
		SolutionGuid = {D02C85C7-40C4-45F1-BDCC-078B502E706B}
	EndGlobalSection
EndGlobal
